PODS:
  - assets_audio_player (0.0.1):
    - Flutter
  - assets_audio_player_web (0.0.1):
    - Flutter
  - Flutter (1.0.0)
  - flutter_share (0.0.1):
    - Flutter
  - path_provider_foundation (0.0.1):
    - Flutter
    - FlutterMacOS
  - rive_common (0.0.1):
    - Flutter
  - shared_preferences_foundation (0.0.1):
    - Flutter
    - FlutterMacOS
  - url_launcher_ios (0.0.1):
    - Flutter

DEPENDENCIES:
  - assets_audio_player (from `.symlinks/plugins/assets_audio_player/ios`)
  - assets_audio_player_web (from `.symlinks/plugins/assets_audio_player_web/ios`)
  - Flutter (from `Flutter`)
  - flutter_share (from `.symlinks/plugins/flutter_share/ios`)
  - path_provider_foundation (from `.symlinks/plugins/path_provider_foundation/darwin`)
  - rive_common (from `.symlinks/plugins/rive_common/ios`)
  - shared_preferences_foundation (from `.symlinks/plugins/shared_preferences_foundation/darwin`)
  - url_launcher_ios (from `.symlinks/plugins/url_launcher_ios/ios`)

EXTERNAL SOURCES:
  assets_audio_player:
    :path: ".symlinks/plugins/assets_audio_player/ios"
  assets_audio_player_web:
    :path: ".symlinks/plugins/assets_audio_player_web/ios"
  Flutter:
    :path: Flutter
  flutter_share:
    :path: ".symlinks/plugins/flutter_share/ios"
  path_provider_foundation:
    :path: ".symlinks/plugins/path_provider_foundation/darwin"
  rive_common:
    :path: ".symlinks/plugins/rive_common/ios"
  shared_preferences_foundation:
    :path: ".symlinks/plugins/shared_preferences_foundation/darwin"
  url_launcher_ios:
    :path: ".symlinks/plugins/url_launcher_ios/ios"

SPEC CHECKSUMS:
  assets_audio_player: edee322b9cb625571b830b35872ead1a295fd917
  assets_audio_player_web: 19826380c44375761aa0b9053665c1e3fbc3b86b
  Flutter: e0871f40cf51350855a761d2e70bf5af5b9b5de7
  flutter_share: 4be0208963c60b537e6255ed2ce1faae61cd9ac2
  path_provider_foundation: 2b6b4c569c0fb62ec74538f866245ac84301af46
  rive_common: 4743dbfd2911c99066547a3c6454681e0fa907df
  shared_preferences_foundation: fcdcbc04712aee1108ac7fda236f363274528f78
  url_launcher_ios: 5334b05cef931de560670eeae103fd3e431ac3fe

PODFILE CHECKSUM: 4305caec6b40dde0ae97be1573c53de1882a07e5

COCOAPODS: 1.16.2
